
Microsoft Visual Studio Solution File, Format Version 12.00
# Visual Studio 14
VisualStudioVersion = 14.0.25420.1
MinimumVisualStudioVersion = 10.0.40219.1
Project("{F2A71F9B-5D33-465A-A702-920D77279786}") = "FParsecParser", "FParsecParser\FParsecParser.fsproj", "{FE52B1A2-D905-443D-848D-C2A87CF5A236}"
EndProject
Project("{F2A71F9B-5D33-465A-A702-920D77279786}") = "TestsParser", "TestsParser\TestsParser.fsproj", "{CDCA72D8-87AF-405A-A5B0-CF58CE24A3E8}"
EndProject
Project("{F2A71F9B-5D33-465A-A702-920D77279786}") = "RhoParser", "RhoParser\RhoParser.fsproj", "{9DCDB3D5-63A1-4E20-BFD9-02E348D587EE}"
EndProject
Global
	GlobalSection(SolutionConfigurationPlatforms) = preSolution
		Debug|Any CPU = Debug|Any CPU
		Release|Any CPU = Release|Any CPU
	EndGlobalSection
	GlobalSection(ProjectConfigurationPlatforms) = postSolution
		{FE52B1A2-D905-443D-848D-C2A87CF5A236}.Debug|Any CPU.ActiveCfg = Debug|Any CPU
		{FE52B1A2-D905-443D-848D-C2A87CF5A236}.Debug|Any CPU.Build.0 = Debug|Any CPU
		{FE52B1A2-D905-443D-848D-C2A87CF5A236}.Release|Any CPU.ActiveCfg = Release|Any CPU
		{FE52B1A2-D905-443D-848D-C2A87CF5A236}.Release|Any CPU.Build.0 = Release|Any CPU
		{CDCA72D8-87AF-405A-A5B0-CF58CE24A3E8}.Debug|Any CPU.ActiveCfg = Debug|Any CPU
		{CDCA72D8-87AF-405A-A5B0-CF58CE24A3E8}.Debug|Any CPU.Build.0 = Debug|Any CPU
		{CDCA72D8-87AF-405A-A5B0-CF58CE24A3E8}.Release|Any CPU.ActiveCfg = Release|Any CPU
		{CDCA72D8-87AF-405A-A5B0-CF58CE24A3E8}.Release|Any CPU.Build.0 = Release|Any CPU
		{9DCDB3D5-63A1-4E20-BFD9-02E348D587EE}.Debug|Any CPU.ActiveCfg = Debug|Any CPU
		{9DCDB3D5-63A1-4E20-BFD9-02E348D587EE}.Debug|Any CPU.Build.0 = Debug|Any CPU
		{9DCDB3D5-63A1-4E20-BFD9-02E348D587EE}.Release|Any CPU.ActiveCfg = Release|Any CPU
		{9DCDB3D5-63A1-4E20-BFD9-02E348D587EE}.Release|Any CPU.Build.0 = Release|Any CPU
	EndGlobalSection
	GlobalSection(SolutionProperties) = preSolution
		HideSolutionNode = FALSE
	EndGlobalSection
EndGlobal
